
Microsoft Visual Studio Solution File, Format Version 12.00
# Visual Studio 15
VisualStudioVersion = 15.0.28307.902
MinimumVisualStudioVersion = 10.0.40219.1
Project("{FAE04EC0-301F-11D3-BF4B-00C04F79EFBC}") = "extension_methods", "extension_methods\extension_methods.csproj", "{B948A077-9195-4EB2-A88C-3580E5A86C2B}"
EndProject
Global
	GlobalSection(SolutionConfigurationPlatforms) = preSolution
		Debug|Any CPU = Debug|Any CPU
		Release|Any CPU = Release|Any CPU
	EndGlobalSection
	GlobalSection(ProjectConfigurationPlatforms) = postSolution
		{B948A077-9195-4EB2-A88C-3580E5A86C2B}.Debug|Any CPU.ActiveCfg = Debug|Any CPU
		{B948A077-9195-4EB2-A88C-3580E5A86C2B}.Debug|Any CPU.Build.0 = Debug|Any CPU
		{B948A077-9195-4EB2-A88C-3580E5A86C2B}.Release|Any CPU.ActiveCfg = Release|Any CPU
		{B948A077-9195-4EB2-A88C-3580E5A86C2B}.Release|Any CPU.Build.0 = Release|Any CPU
	EndGlobalSection
	GlobalSection(SolutionProperties) = preSolution
		HideSolutionNode = FALSE
	EndGlobalSection
	GlobalSection(ExtensibilityGlobals) = postSolution
		SolutionGuid = {D190BBBC-06CE-4A48-AA4F-F35B9381A1DA}
	EndGlobalSection
EndGlobal
