
Microsoft Visual Studio Solution File, Format Version 12.00
# Visual Studio 15
VisualStudioVersion = 15.0.28307.902
MinimumVisualStudioVersion = 10.0.40219.1
Project("{FAE04EC0-301F-11D3-BF4B-00C04F79EFBC}") = "task_parallel_library", "task_parallel_library\task_parallel_library.csproj", "{21E270FB-0BE2-46C7-B567-DA47AB000B57}"
EndProject
Project("{FAE04EC0-301F-11D3-BF4B-00C04F79EFBC}") = "PLINQ", "PLINQ\PLINQ.csproj", "{9F72B3B1-C1BB-4359-909A-66C35CEB7315}"
EndProject
Project("{FAE04EC0-301F-11D3-BF4B-00C04F79EFBC}") = "Parallel_Invoke", "Parallel_Invoke\Parallel_Invoke.csproj", "{A538CA48-85B1-4E5B-B762-42316C2E8B08}"
EndProject
Global
	GlobalSection(SolutionConfigurationPlatforms) = preSolution
		Debug|Any CPU = Debug|Any CPU
		Release|Any CPU = Release|Any CPU
	EndGlobalSection
	GlobalSection(ProjectConfigurationPlatforms) = postSolution
		{21E270FB-0BE2-46C7-B567-DA47AB000B57}.Debug|Any CPU.ActiveCfg = Debug|Any CPU
		{21E270FB-0BE2-46C7-B567-DA47AB000B57}.Debug|Any CPU.Build.0 = Debug|Any CPU
		{21E270FB-0BE2-46C7-B567-DA47AB000B57}.Release|Any CPU.ActiveCfg = Release|Any CPU
		{21E270FB-0BE2-46C7-B567-DA47AB000B57}.Release|Any CPU.Build.0 = Release|Any CPU
		{9F72B3B1-C1BB-4359-909A-66C35CEB7315}.Debug|Any CPU.ActiveCfg = Debug|Any CPU
		{9F72B3B1-C1BB-4359-909A-66C35CEB7315}.Debug|Any CPU.Build.0 = Debug|Any CPU
		{9F72B3B1-C1BB-4359-909A-66C35CEB7315}.Release|Any CPU.ActiveCfg = Release|Any CPU
		{9F72B3B1-C1BB-4359-909A-66C35CEB7315}.Release|Any CPU.Build.0 = Release|Any CPU
		{A538CA48-85B1-4E5B-B762-42316C2E8B08}.Debug|Any CPU.ActiveCfg = Debug|Any CPU
		{A538CA48-85B1-4E5B-B762-42316C2E8B08}.Debug|Any CPU.Build.0 = Debug|Any CPU
		{A538CA48-85B1-4E5B-B762-42316C2E8B08}.Release|Any CPU.ActiveCfg = Release|Any CPU
		{A538CA48-85B1-4E5B-B762-42316C2E8B08}.Release|Any CPU.Build.0 = Release|Any CPU
	EndGlobalSection
	GlobalSection(SolutionProperties) = preSolution
		HideSolutionNode = FALSE
	EndGlobalSection
	GlobalSection(ExtensibilityGlobals) = postSolution
		SolutionGuid = {E4E44002-F790-44CA-BF8A-5436D283B662}
	EndGlobalSection
EndGlobal
